
Microsoft Visual Studio Solution File, Format Version 12.00
# Visual Studio Version 16
VisualStudioVersion = 16.0.30907.101
MinimumVisualStudioVersion = 10.0.40219.1
Project("{9A19103F-16F7-4668-BE54-9A1E7A4F7556}") = "InterfaceDemo", "deneme\InterfaceDemo.csproj", "{0994BCDE-751C-4A13-A922-5B913F318E7C}"
EndProject
Global
	GlobalSection(SolutionConfigurationPlatforms) = preSolution
		Debug|Any CPU = Debug|Any CPU
		Release|Any CPU = Release|Any CPU
	EndGlobalSection
	GlobalSection(ProjectConfigurationPlatforms) = postSolution
		{0994BCDE-751C-4A13-A922-5B913F318E7C}.Debug|Any CPU.ActiveCfg = Debug|Any CPU
		{0994BCDE-751C-4A13-A922-5B913F318E7C}.Debug|Any CPU.Build.0 = Debug|Any CPU
		{0994BCDE-751C-4A13-A922-5B913F318E7C}.Release|Any CPU.ActiveCfg = Release|Any CPU
		{0994BCDE-751C-4A13-A922-5B913F318E7C}.Release|Any CPU.Build.0 = Release|Any CPU
	EndGlobalSection
	GlobalSection(SolutionProperties) = preSolution
		HideSolutionNode = FALSE
	EndGlobalSection
	GlobalSection(ExtensibilityGlobals) = postSolution
		SolutionGuid = {B59AB9B3-BDFD-4D93-A7E7-4473F8EFA3CA}
	EndGlobalSection
EndGlobal
